
Microsoft Visual Studio Solution File, Format Version 12.00
# Visual Studio Version 16
VisualStudioVersion = 16.0.31105.61
MinimumVisualStudioVersion = 10.0.40219.1
Project("{FAE04EC0-301F-11D3-BF4B-00C04F79EFBC}") = "Homework04", "Homework04\Homework04.csproj", "{79232B94-AD90-43A5-A82D-D2FFEE2DB443}"
EndProject
Global
	GlobalSection(SolutionConfigurationPlatforms) = preSolution
		Debug|Any CPU = Debug|Any CPU
		Release|Any CPU = Release|Any CPU
	EndGlobalSection
	GlobalSection(ProjectConfigurationPlatforms) = postSolution
		{79232B94-AD90-43A5-A82D-D2FFEE2DB443}.Debug|Any CPU.ActiveCfg = Debug|Any CPU
		{79232B94-AD90-43A5-A82D-D2FFEE2DB443}.Debug|Any CPU.Build.0 = Debug|Any CPU
		{79232B94-AD90-43A5-A82D-D2FFEE2DB443}.Release|Any CPU.ActiveCfg = Release|Any CPU
		{79232B94-AD90-43A5-A82D-D2FFEE2DB443}.Release|Any CPU.Build.0 = Release|Any CPU
	EndGlobalSection
	GlobalSection(SolutionProperties) = preSolution
		HideSolutionNode = FALSE
	EndGlobalSection
	GlobalSection(ExtensibilityGlobals) = postSolution
		SolutionGuid = {54162D5D-8997-40A7-84E8-9B74C6FE424F}
	EndGlobalSection
EndGlobal
